
Microsoft Visual Studio Solution File, Format Version 12.00
# Visual Studio Version 17
VisualStudioVersion = 17.9.34622.214
MinimumVisualStudioVersion = 10.0.40219.1
Project("{FAE04EC0-301F-11D3-BF4B-00C04F79EFBC}") = "Prueba1", "Prueba1\Prueba1.csproj", "{214AAE44-EDCF-4333-999C-08C405F91C40}"
EndProject
Global
	GlobalSection(SolutionConfigurationPlatforms) = preSolution
		Debug|Any CPU = Debug|Any CPU
		Release|Any CPU = Release|Any CPU
	EndGlobalSection
	GlobalSection(ProjectConfigurationPlatforms) = postSolution
		{214AAE44-EDCF-4333-999C-08C405F91C40}.Debug|Any CPU.ActiveCfg = Debug|Any CPU
		{214AAE44-EDCF-4333-999C-08C405F91C40}.Debug|Any CPU.Build.0 = Debug|Any CPU
		{214AAE44-EDCF-4333-999C-08C405F91C40}.Release|Any CPU.ActiveCfg = Release|Any CPU
		{214AAE44-EDCF-4333-999C-08C405F91C40}.Release|Any CPU.Build.0 = Release|Any CPU
	EndGlobalSection
	GlobalSection(SolutionProperties) = preSolution
		HideSolutionNode = FALSE
	EndGlobalSection
	GlobalSection(ExtensibilityGlobals) = postSolution
		SolutionGuid = {B97FE97C-67BF-4882-91FE-12DB4E946BC4}
	EndGlobalSection
EndGlobal
